
Microsoft Visual Studio Solution File, Format Version 12.00
# Visual Studio 2012
Project("{FAE04EC0-301F-11D3-BF4B-00C04F79EFBC}") = "Domain", "Domain\Domain.csproj", "{013DAB59-A714-4CD6-BFC5-8F79A141BED8}"
EndProject
Project("{FAE04EC0-301F-11D3-BF4B-00C04F79EFBC}") = "Domain.Tests", "Domain.Tests\Domain.Tests.csproj", "{B3D62563-AC79-4631-A69C-A931CE128010}"
EndProject
Global
	GlobalSection(SolutionConfigurationPlatforms) = preSolution
		Debug|Any CPU = Debug|Any CPU
		Release|Any CPU = Release|Any CPU
	EndGlobalSection
	GlobalSection(ProjectConfigurationPlatforms) = postSolution
		{013DAB59-A714-4CD6-BFC5-8F79A141BED8}.Debug|Any CPU.ActiveCfg = Debug|Any CPU
		{013DAB59-A714-4CD6-BFC5-8F79A141BED8}.Debug|Any CPU.Build.0 = Debug|Any CPU
		{013DAB59-A714-4CD6-BFC5-8F79A141BED8}.Release|Any CPU.ActiveCfg = Release|Any CPU
		{013DAB59-A714-4CD6-BFC5-8F79A141BED8}.Release|Any CPU.Build.0 = Release|Any CPU
		{B3D62563-AC79-4631-A69C-A931CE128010}.Debug|Any CPU.ActiveCfg = Debug|Any CPU
		{B3D62563-AC79-4631-A69C-A931CE128010}.Debug|Any CPU.Build.0 = Debug|Any CPU
		{B3D62563-AC79-4631-A69C-A931CE128010}.Release|Any CPU.ActiveCfg = Release|Any CPU
		{B3D62563-AC79-4631-A69C-A931CE128010}.Release|Any CPU.Build.0 = Release|Any CPU
	EndGlobalSection
EndGlobal
